// !$*UTF8*$!
{
	archiveVersion = 1;
	classes = {
	};
	objectVersion = 50;
	objects = {

/* Begin PBXBuildFile section */
		67FCAA0621AFB62600D3E27F /* AppDelegate.swift in Sources */ = {isa = PBXBuildFile; fileRef = 67FCAA0521AFB62600D3E27F /* AppDelegate.swift */; };
		67FCAA0821AFB62600D3E27F /* ViewController.swift in Sources */ = {isa = PBXBuildFile; fileRef = 67FCAA0721AFB62600D3E27F /* ViewController.swift */; };
		67FCAA0B21AFB62600D3E27F /* Main.storyboard in Resources */ = {isa = PBXBuildFile; fileRef = 67FCAA0921AFB62600D3E27F /* Main.storyboard */; };
		67FCAA0D21AFB63B00D3E27F /* Assets.xcassets in Resources */ = {isa = PBXBuildFile; fileRef = 67FCAA0C21AFB63B00D3E27F /* Assets.xcassets */; };
		67FCAA1021AFB63B00D3E27F /* LaunchScreen.storyboard in Resources */ = {isa = PBXBuildFile; fileRef = 67FCAA0E21AFB63B00D3E27F /* LaunchScreen.storyboard */; };
/* End PBXBuildFile section */

/* Begin PBXFileReference section */
		67FCAA0221AFB62600D3E27F /* NavigationCustomizing.app */ = {isa = PBXFileReference; explicitFileType = wrapper.application; includeInIndex = 0; path = NavigationCustomizing.app; sourceTree = BUILT_PRODUCTS_DIR; };
		67FCAA0521AFB62600D3E27F /* AppDelegate.swift */ = {isa = PBXFileReference; lastKnownFileType = sourcecode.swift; path = AppDelegate.swift; sourceTree = "<group>"; };
		67FCAA0721AFB62600D3E27F /* ViewController.swift */ = {isa = PBXFileReference; lastKnownFileType = sourcecode.swift; path = ViewController.swift; sourceTree = "<group>"; };
		67FCAA0A21AFB62600D3E27F /* Base */ = {isa = PBXFileReference; lastKnownFileType = file.storyboard; name = Base; path = Base.lproj/Main.storyboard; sourceTree = "<group>"; };
		67FCAA0C21AFB63B00D3E27F /* Assets.xcassets */ = {isa = PBXFileReference; lastKnownFileType = folder.assetcatalog; path = Assets.xcassets; sourceTree = "<group>"; };
		67FCAA0F21AFB63B00D3E27F /* Base */ = {isa = PBXFileReference; lastKnownFileType = file.storyboard; name = Base; path = Base.lproj/LaunchScreen.storyboard; sourceTree = "<group>"; };
		67FCAA1121AFB63B00D3E27F /* Info.plist */ = {isa = PBXFileReference; lastKnownFileType = text.plist.xml; path = Info.plist; sourceTree = "<group>"; };
/* End PBXFileReference section */

/* Begin PBXFrameworksBuildPhase section */
		67FCA9FF21AFB62600D3E27F /* Frameworks */ = {
			isa = PBXFrameworksBuildPhase;
			buildActionMask = 2147483647;
			files = (
			);
			runOnlyForDeploymentPostprocessing = 0;
		};
/* End PBXFrameworksBuildPhase section */

/* Begin PBXGroup section */
		67FCA9F921AFB62600D3E27F = {
			isa = PBXGroup;
			children = (
				67FCAA0421AFB62600D3E27F /* NavigationCustomizing */,
				67FCAA0321AFB62600D3E27F /* Products */,
			);
			sourceTree = "<group>";
		};
		67FCAA0321AFB62600D3E27F /* Products */ = {
			isa = PBXGroup;
			children = (
				67FCAA0221AFB62600D3E27F /* NavigationCustomizing.app */,
			);
			name = Products;
			sourceTree = "<group>";
		};
		67FCAA0421AFB62600D3E27F /* NavigationCustomizing */ = {
			isa = PBXGroup;
			children = (
				67FCAA0521AFB62600D3E27F /* AppDelegate.swift */,
				67FCAA0721AFB62600D3E27F /* ViewController.swift */,
				67FCAA0921AFB62600D3E27F /* Main.storyboard */,
				67FCAA0C21AFB63B00D3E27F /* Assets.xcassets */,
				67FCAA0E21AFB63B00D3E27F /* LaunchScreen.storyboard */,
				67FCAA1121AFB63B00D3E27F /* Info.plist */,
			);
			path = NavigationCustomizing;
			sourceTree = "<group>";
		};
/* End PBXGroup section */

/* Begin PBXNativeTarget section */
		67FCAA0121AFB62600D3E27F /* NavigationCustomizing */ = {
			isa = PBXNativeTarget;
			buildConfigurationList = 67FCAA1421AFB63B00D3E27F /* Build configuration list for PBXNativeTarget "NavigationCustomizing" */;
			buildPhases = (
				67FCA9FE21AFB62600D3E27F /* Sources */,
				67FCA9FF21AFB62600D3E27F /* Frameworks */,
				67FCAA0021AFB62600D3E27F /* Resources */,
			);
			buildRules = (
			);
			dependencies = (
			);
			name = NavigationCustomizing;
			productName = NavigationCustomizing;
			productReference = 67FCAA0221AFB62600D3E27F /* NavigationCustomizing.app */;
			productType = "com.apple.product-type.application";
		};
/* End PBXNativeTarget section */

/* Begin PBXProject section */
		67FCA9FA21AFB62600D3E27F /* Project object */ = {
			isa = PBXProject;
			attributes = {
				LastSwiftUpdateCheck = 1000;
				LastUpgradeCheck = 1000;
				ORGANIZATIONNAME = YEONHA;
				TargetAttributes = {
					67FCAA0121AFB62600D3E27F = {
						CreatedOnToolsVersion = 10.0;
					};
				};
			};
			buildConfigurationList = 67FCA9FD21AFB62600D3E27F /* Build configuration list for PBXProject "NavigationCustomizing" */;
			compatibilityVersion = "Xcode 9.3";
			developmentRegion = en;
			hasScannedForEncodings = 0;
			knownRegions = (
				en,
				Base,
			);
			mainGroup = 67FCA9F921AFB62600D3E27F;
			productRefGroup = 67FCAA0321AFB62600D3E27F /* Products */;
			projectDirPath = "";
			projectRoot = "";
			targets = (
				67FCAA0121AFB62600D3E27F /* NavigationCustomizing */,
			);
		};
/* End PBXProject section */

/* Begin PBXResourcesBuildPhase section */
		67FCAA0021AFB62600D3E27F /* Resources */ = {
			isa = PBXResourcesBuildPhase;
			buildActionMask = 2147483647;
			files = (
				67FCAA1021AFB63B00D3E27F /* LaunchScreen.storyboard in Resources */,
				67FCAA0D21AFB63B00D3E27F /* Assets.xcassets in Resources */,
				67FCAA0B21AFB62600D3E27F /* Main.storyboard in Resources */,
			);
			runOnlyForDeploymentPostprocessing = 0;
		};
/* End PBXResourcesBuildPhase section */

/* Begin PBXSourcesBuildPhase section */
		67FCA9FE21AFB62600D3E27F /* Sources */ = {
			isa = PBXSourcesBuildPhase;
			buildActionMask = 2147483647;
			files = (
				67FCAA0821AFB62600D3E27F /* ViewController.swift in Sources */,
				67FCAA0621AFB62600D3E27F /* AppDelegate.swift in Sources */,
			);
			runOnlyForDeploymentPostprocessing = 0;
		};
/* End PBXSourcesBuildPhase section */

/* Begin PBXVariantGroup section */
		67FCAA0921AFB62600D3E27F /* Main.storyboard */ = {
			isa = PBXVariantGroup;
			children = (
				67FCAA0A21AFB62600D3E27F /* Base */,
			);
			name = Main.storyboard;
			sourceTree = "<group>";
		};
		67FCAA0E21AFB63B00D3E27F /* LaunchScreen.storyboard */ = {
			isa = PBXVariantGroup;
			children = (
				67FCAA0F21AFB63B00D3E27F /* Base */,
			);
			name = LaunchScreen.storyboard;
			sourceTree = "<group>";
		};
/* End PBXVariantGroup section */

/* Begin XCBuildConfiguration section */
		67FCAA1221AFB63B00D3E27F /* Debug */ = {
			isa = XCBuildConfiguration;
			buildSettings = {
				ALWAYS_SEARCH_USER_PATHS = NO;
				CLANG_ANALYZER_NONNULL = YES;
				CLANG_ANALYZER_NUMBER_OBJECT_CONVERSION = YES_AGGRESSIVE;
				CLANG_CXX_LANGUAGE_STANDARD = "gnu++14";
				CLANG_CXX_LIBRARY = "libc++";
				CLANG_ENABLE_MODULES = YES;
				CLANG_ENABLE_OBJC_ARC = YES;
				CLANG_ENABLE_OBJC_WEAK = YES;
				CLANG_WARN_BLOCK_CAPTURE_AUTORELEASING = YES;
				CLANG_WARN_BOOL_CONVERSION = YES;
				CLANG_WARN_COMMA = YES;
				CLANG_WARN_CONSTANT_CONVERSION = YES;
				CLANG_WARN_DEPRECATED_OBJC_IMPLEMENTATIONS = YES;
				CLANG_WARN_DIRECT_OBJC_ISA_USAGE = YES_ERROR;
				CLANG_WARN_DOCUMENTATION_COMMENTS = YES;
				CLANG_WARN_EMPTY_BODY = YES;
				CLANG_WARN_ENUM_CONVERSION = YES;
				CLANG_WARN_INFINITE_RECURSION = YES;
				CLANG_WARN_INT_CONVERSION = YES;
				CLANG_WARN_NON_LITERAL_NULL_CONVERSION = YES;
				CLANG_WARN_OBJC_IMPLICIT_RETAIN_SELF = YES;
				CLANG_WARN_OBJC_LITERAL_CONVERSION = YES;
				CLANG_WARN_OBJC_ROOT_CLASS = YES_ERROR;
				CLANG_WARN_RANGE_LOOP_ANALYSIS = YES;
				CLANG_WARN_STRICT_PROTOTYPES = YES;
				CLANG_WARN_SUSPICIOUS_MOVE = YES;
				CLANG_WARN_UNGUARDED_AVAILABILITY = YES_AGGRESSIVE;
				CLANG_WARN_UNREACHABLE_CODE = YES;
				CLANG_WARN__DUPLICATE_METHOD_MATCH = YES;
				CODE_SIGN_IDENTITY = "iPhone Developer";
				COPY_PHASE_STRIP = NO;
				DEBUG_INFORMATION_FORMAT = dwarf;
				ENABLE_STRICT_OBJC_MSGSEND = YES;
				ENABLE_TESTABILITY = YES;
				GCC_C_LANGUAGE_STANDARD = gnu11;
				GCC_DYNAMIC_NO_PIC = NO;
				GCC_NO_COMMON_BLOCKS = YES;
				GCC_OPTIMIZATION_LEVEL = 0;
				GCC_PREPROCESSOR_DEFINITIONS = (
					"DEBUG=1",
					"$(inherited)",
				);
				GCC_WARN_64_TO_32_BIT_CONVERSION = YES;
				GCC_WARN_ABOUT_RETURN_TYPE = YES_ERROR;
				GCC_WARN_UNDECLARED_SELECTOR = YES;
				GCC_WARN_UNINITIALIZED_AUTOS = YES_AGGRESSIVE;
				GCC_WARN_UNUSED_FUNCTION = YES;
				GCC_WARN_UNUSED_VARIABLE = YES;
				IPHONEOS_DEPLOYMENT_TARGET = 12.0;
				MTL_ENABLE_DEBUG_INFO = INCLUDE_SOURCE;
				MTL_FAST_MATH = YES;
				ONLY_ACTIVE_ARCH = YES;
				SDKROOT = iphoneos;
				SWIFT_ACTIVE_COMPILATION_CONDITIONS = DEBUG;
				SWIFT_OPTIMIZATION_LEVEL = "-Onone";
			};
			name = Debug;
		};
		67FCAA1321AFB63B00D3E27F /* Release */ = {
			isa = XCBuildConfiguration;
			buildSettings = {
				ALWAYS_SEARCH_USER_PATHS = NO;
				CLANG_ANALYZER_NONNULL = YES;
				CLANG_ANALYZER_NUMBER_OBJECT_CONVERSION = YES_AGGRESSIVE;
				CLANG_CXX_LANGUAGE_STANDARD = "gnu++14";
				CLANG_CXX_LIBRARY = "libc++";
				CLANG_ENABLE_MODULES = YES;
				CLANG_ENABLE_OBJC_ARC = YES;
				CLANG_ENABLE_OBJC_WEAK = YES;
				CLANG_WARN_BLOCK_CAPTURE_AUTORELEASING = YES;
				CLANG_WARN_BOOL_CONVERSION = YES;
				CLANG_WARN_COMMA = YES;
				CLANG_WARN_CONSTANT_CONVERSION = YES;
				CLANG_WARN_DEPRECATED_OBJC_IMPLEMENTATIONS = YES;
				CLANG_WARN_DIRECT_OBJC_ISA_USAGE = YES_ERROR;
				CLANG_WARN_DOCUMENTATION_COMMENTS = YES;
				CLANG_WARN_EMPTY_BODY = YES;
				CLANG_WARN_ENUM_CONVERSION = YES;
				CLANG_WARN_INFINITE_RECURSION = YES;
				CLANG_WARN_INT_CONVERSION = YES;
				CLANG_WARN_NON_LITERAL_NULL_CONVERSION = YES;
				CLANG_WARN_OBJC_IMPLICIT_RETAIN_SELF = YES;
				CLANG_WARN_OBJC_LITERAL_CONVERSION = YES;
				CLANG_WARN_OBJC_ROOT_CLASS = YES_ERROR;
				CLANG_WARN_RANGE_LOOP_ANALYSIS = YES;
				CLANG_WARN_STRICT_PROTOTYPES = YES;
				CLANG_WARN_SUSPICIOUS_MOVE = YES;
				CLANG_WARN_UNGUARDED_AVAILABILITY = YES_AGGRESSIVE;
				CLANG_WARN_UNREACHABLE_CODE = YES;
				CLANG_WARN__DUPLICATE_METHOD_MATCH = YES;
				CODE_SIGN_IDENTITY = "iPhone Developer";
				COPY_PHASE_STRIP = NO;
				DEBUG_INFORMATION_FORMAT = "dwarf-with-dsym";
				ENABLE_NS_ASSERTIONS = NO;
				ENABLE_STRICT_OBJC_MSGSEND = YES;
				GCC_C_LANGUAGE_STANDARD = gnu11;
				GCC_NO_COMMON_BLOCKS = YES;
				GCC_WARN_64_TO_32_BIT_CONVERSION = YES;
				GCC_WARN_ABOUT_RETURN_TYPE = YES_ERROR;
				GCC_WARN_UNDECLARED_SELECTOR = YES;
				GCC_WARN_UNINITIALIZED_AUTOS = YES_AGGRESSIVE;
				GCC_WARN_UNUSED_FUNCTION = YES;
				GCC_WARN_UNUSED_VARIABLE = YES;
				IPHONEOS_DEPLOYMENT_TARGET = 12.0;
				MTL_ENABLE_DEBUG_INFO = NO;
				MTL_FAST_MATH = YES;
				SDKROOT = iphoneos;
				SWIFT_COMPILATION_MODE = wholemodule;
				SWIFT_OPTIMIZATION_LEVEL = "-O";
				VALIDATE_PRODUCT = YES;
			};
			name = Release;
		};
		67FCAA1521AFB63B00D3E27F /* Debug */ = {
			isa = XCBuildConfiguration;
			buildSettings = {
				ASSETCATALOG_COMPILER_APPICON_NAME = AppIcon;
				CODE_SIGN_STYLE = Automatic;
				INFOPLIST_FILE = NavigationCustomizing/Info.plist;
				LD_RUNPATH_SEARCH_PATHS = (
					"$(inherited)",
					"@executable_path/Frameworks",
				);
				PRODUCT_BUNDLE_IDENTIFIER = gmail.yeonha.hwang.NavigationCustomizing;
				PRODUCT_NAME = "$(TARGET_NAME)";
				SWIFT_VERSION = 4.2;
				TARGETED_DEVICE_FAMILY = "1,2";
			};
			name = Debug;
		};
		67FCAA1621AFB63B00D3E27F /* Release */ = {
			isa = XCBuildConfiguration;
			buildSettings = {
				ASSETCATALOG_COMPILER_APPICON_NAME = AppIcon;
				CODE_SIGN_STYLE = Automatic;
				INFOPLIST_FILE = NavigationCustomizing/Info.plist;
				LD_RUNPATH_SEARCH_PATHS = (
					"$(inherited)",
					"@executable_path/Frameworks",
				);
				PRODUCT_BUNDLE_IDENTIFIER = gmail.yeonha.hwang.NavigationCustomizing;
				PRODUCT_NAME = "$(TARGET_NAME)";
				SWIFT_VERSION = 4.2;
				TARGETED_DEVICE_FAMILY = "1,2";
			};
			name = Release;
		};
/* End XCBuildConfiguration section */

/* Begin XCConfigurationList section */
		67FCA9FD21AFB62600D3E27F /* Build configuration list for PBXProject "NavigationCustomizing" */ = {
			isa = XCConfigurationList;
			buildConfigurations = (
				67FCAA1221AFB63B00D3E27F /* Debug */,
				67FCAA1321AFB63B00D3E27F /* Release */,
			);
			defaultConfigurationIsVisible = 0;
			defaultConfigurationName = Release;
		};
		67FCAA1421AFB63B00D3E27F /* Build configuration list for PBXNativeTarget "NavigationCustomizing" */ = {
			isa = XCConfigurationList;
			buildConfigurations = (
				67FCAA1521AFB63B00D3E27F /* Debug */,
				67FCAA1621AFB63B00D3E27F /* Release */,
			);
			defaultConfigurationIsVisible = 0;
			defaultConfigurationName = Release;
		};
/* End XCConfigurationList section */
	};
	rootObject = 67FCA9FA21AFB62600D3E27F /* Project object */;
}
